
Microsoft Visual Studio Solution File, Format Version 12.00
# Visual Studio Version 16
VisualStudioVersion = 16.0.31229.75
MinimumVisualStudioVersion = 10.0.40219.1
Project("{9A19103F-16F7-4668-BE54-9A1E7A4F7556}") = "AdamBarclay.WebAssetBuilder", "src\AdamBarclay.WebAssetBuilder\AdamBarclay.WebAssetBuilder.csproj", "{C66A653A-4718-4473-9CF4-4E12D4800B3C}"
EndProject
Project("{9A19103F-16F7-4668-BE54-9A1E7A4F7556}") = "AdamBarclay.WebAssetBuilder.Tests", "tests\AdamBarclay.WebAssetBuilder.Tests\AdamBarclay.WebAssetBuilder.Tests.csproj", "{072C6F36-803B-41B0-B481-CF112D6970AD}"
EndProject
Global
	GlobalSection(SolutionConfigurationPlatforms) = preSolution
		Debug|Any CPU = Debug|Any CPU
		Release|Any CPU = Release|Any CPU
	EndGlobalSection
	GlobalSection(ProjectConfigurationPlatforms) = postSolution
		{C66A653A-4718-4473-9CF4-4E12D4800B3C}.Debug|Any CPU.ActiveCfg = Debug|Any CPU
		{C66A653A-4718-4473-9CF4-4E12D4800B3C}.Debug|Any CPU.Build.0 = Debug|Any CPU
		{C66A653A-4718-4473-9CF4-4E12D4800B3C}.Release|Any CPU.ActiveCfg = Release|Any CPU
		{C66A653A-4718-4473-9CF4-4E12D4800B3C}.Release|Any CPU.Build.0 = Release|Any CPU
		{072C6F36-803B-41B0-B481-CF112D6970AD}.Debug|Any CPU.ActiveCfg = Debug|Any CPU
		{072C6F36-803B-41B0-B481-CF112D6970AD}.Debug|Any CPU.Build.0 = Debug|Any CPU
		{072C6F36-803B-41B0-B481-CF112D6970AD}.Release|Any CPU.ActiveCfg = Release|Any CPU
		{072C6F36-803B-41B0-B481-CF112D6970AD}.Release|Any CPU.Build.0 = Release|Any CPU
	EndGlobalSection
	GlobalSection(SolutionProperties) = preSolution
		HideSolutionNode = FALSE
	EndGlobalSection
	GlobalSection(ExtensibilityGlobals) = postSolution
		SolutionGuid = {44327E61-4E49-40E5-A6EC-B3FDCA25E509}
	EndGlobalSection
EndGlobal
